
Microsoft Visual Studio Solution File, Format Version 12.00
# Visual Studio Version 16
VisualStudioVersion = 16.0.30503.244
MinimumVisualStudioVersion = 10.0.40219.1
Project("{FAE04EC0-301F-11D3-BF4B-00C04F79EFBC}") = "GUI PSI", "GUI PSI.csproj", "{9E46375A-473A-4C96-9FD5-73894271E6C5}"
EndProject
Global
	GlobalSection(SolutionConfigurationPlatforms) = preSolution
		Debug|Any CPU = Debug|Any CPU
		Release|Any CPU = Release|Any CPU
	EndGlobalSection
	GlobalSection(ProjectConfigurationPlatforms) = postSolution
		{9E46375A-473A-4C96-9FD5-73894271E6C5}.Debug|Any CPU.ActiveCfg = Debug|Any CPU
		{9E46375A-473A-4C96-9FD5-73894271E6C5}.Debug|Any CPU.Build.0 = Debug|Any CPU
		{9E46375A-473A-4C96-9FD5-73894271E6C5}.Release|Any CPU.ActiveCfg = Release|Any CPU
		{9E46375A-473A-4C96-9FD5-73894271E6C5}.Release|Any CPU.Build.0 = Release|Any CPU
	EndGlobalSection
	GlobalSection(SolutionProperties) = preSolution
		HideSolutionNode = FALSE
	EndGlobalSection
	GlobalSection(ExtensibilityGlobals) = postSolution
		SolutionGuid = {DB4217FC-C07E-4CE2-8500-8A46E11BD338}
	EndGlobalSection
EndGlobal
